
Microsoft Visual Studio Solution File, Format Version 12.00
# Visual Studio Version 16
VisualStudioVersion = 16.0.29806.167
MinimumVisualStudioVersion = 10.0.40219.1
Project("{FAE04EC0-301F-11D3-BF4B-00C04F79EFBC}") = "Chat", "Chat\Chat.csproj", "{813C32C2-75ED-4203-B57B-D07634DEBBAE}"
EndProject
Project("{FAE04EC0-301F-11D3-BF4B-00C04F79EFBC}") = "ChatServer", "ChatServer\ChatServer.csproj", "{EEB08EE9-65D8-42E0-BA20-D69013F5D809}"
EndProject
Project("{9A19103F-16F7-4668-BE54-9A1E7A4F7556}") = "Classes", "Classes\Classes.csproj", "{5E3E90A4-6B40-44AA-B79E-7F80CB8A2BD7}"
EndProject
Global
	GlobalSection(SolutionConfigurationPlatforms) = preSolution
		Debug|Any CPU = Debug|Any CPU
		Release|Any CPU = Release|Any CPU
	EndGlobalSection
	GlobalSection(ProjectConfigurationPlatforms) = postSolution
		{813C32C2-75ED-4203-B57B-D07634DEBBAE}.Debug|Any CPU.ActiveCfg = Debug|Any CPU
		{813C32C2-75ED-4203-B57B-D07634DEBBAE}.Debug|Any CPU.Build.0 = Debug|Any CPU
		{813C32C2-75ED-4203-B57B-D07634DEBBAE}.Release|Any CPU.ActiveCfg = Release|Any CPU
		{813C32C2-75ED-4203-B57B-D07634DEBBAE}.Release|Any CPU.Build.0 = Release|Any CPU
		{EEB08EE9-65D8-42E0-BA20-D69013F5D809}.Debug|Any CPU.ActiveCfg = Debug|Any CPU
		{EEB08EE9-65D8-42E0-BA20-D69013F5D809}.Debug|Any CPU.Build.0 = Debug|Any CPU
		{EEB08EE9-65D8-42E0-BA20-D69013F5D809}.Release|Any CPU.ActiveCfg = Release|Any CPU
		{EEB08EE9-65D8-42E0-BA20-D69013F5D809}.Release|Any CPU.Build.0 = Release|Any CPU
		{5E3E90A4-6B40-44AA-B79E-7F80CB8A2BD7}.Debug|Any CPU.ActiveCfg = Debug|Any CPU
		{5E3E90A4-6B40-44AA-B79E-7F80CB8A2BD7}.Debug|Any CPU.Build.0 = Debug|Any CPU
		{5E3E90A4-6B40-44AA-B79E-7F80CB8A2BD7}.Release|Any CPU.ActiveCfg = Release|Any CPU
		{5E3E90A4-6B40-44AA-B79E-7F80CB8A2BD7}.Release|Any CPU.Build.0 = Release|Any CPU
	EndGlobalSection
	GlobalSection(SolutionProperties) = preSolution
		HideSolutionNode = FALSE
	EndGlobalSection
	GlobalSection(ExtensibilityGlobals) = postSolution
		SolutionGuid = {774FE879-5F76-47A2-A1A3-E0595689CA2B}
	EndGlobalSection
EndGlobal
